
Microsoft Visual Studio Solution File, Format Version 12.00
# Visual Studio 15
VisualStudioVersion = 15.0.28307.645
MinimumVisualStudioVersion = 10.0.40219.1
Project("{FAE04EC0-301F-11D3-BF4B-00C04F79EFBC}") = "ReseacherSplash", "ReseacherSplash\ReseacherSplash.csproj", "{53662A9E-5444-4523-8512-49ACE5B2B9FB}"
EndProject
Global
	GlobalSection(SolutionConfigurationPlatforms) = preSolution
		Debug|Any CPU = Debug|Any CPU
		Release|Any CPU = Release|Any CPU
	EndGlobalSection
	GlobalSection(ProjectConfigurationPlatforms) = postSolution
		{53662A9E-5444-4523-8512-49ACE5B2B9FB}.Debug|Any CPU.ActiveCfg = Debug|Any CPU
		{53662A9E-5444-4523-8512-49ACE5B2B9FB}.Debug|Any CPU.Build.0 = Debug|Any CPU
		{53662A9E-5444-4523-8512-49ACE5B2B9FB}.Release|Any CPU.ActiveCfg = Release|Any CPU
		{53662A9E-5444-4523-8512-49ACE5B2B9FB}.Release|Any CPU.Build.0 = Release|Any CPU
	EndGlobalSection
	GlobalSection(SolutionProperties) = preSolution
		HideSolutionNode = FALSE
	EndGlobalSection
	GlobalSection(ExtensibilityGlobals) = postSolution
		SolutionGuid = {B20A1651-28CA-4E4E-9423-734F950B8172}
	EndGlobalSection
EndGlobal
